// !$*UTF8*$!
{
	archiveVersion = 1;
	classes = {
	};
	objectVersion = 46;
	objects = {

/* Begin PBXBuildFile section */
		46A0D83662884D971F9FD9E4 /* libPods-心愿很忙.a in Frameworks */ = {isa = PBXBuildFile; fileRef = AB92A249E80C0D5ED4ED72A2 /* libPods-心愿很忙.a */; };
		531AEA491E992AB90037CA16 /* WSIRegisterViewController.m in Sources */ = {isa = PBXBuildFile; fileRef = 531AEA471E992AB80037CA16 /* WSIRegisterViewController.m */; };
		531AEA4A1E992AB90037CA16 /* WSIRegisterViewController.xib in Resources */ = {isa = PBXBuildFile; fileRef = 531AEA481E992AB80037CA16 /* WSIRegisterViewController.xib */; };
		531AEABC1E9A0C830037CA16 /* Podfile in Resources */ = {isa = PBXBuildFile; fileRef = 531AEABB1E9A0C830037CA16 /* Podfile */; };
		531AEADB1E9A69B50037CA16 /* WSIMainTableViewController.m in Sources */ = {isa = PBXBuildFile; fileRef = 531AEAD71E9A69B50037CA16 /* WSIMainTableViewController.m */; };
		531AEADC1E9A69B50037CA16 /* DemoCell.m in Sources */ = {isa = PBXBuildFile; fileRef = 531AEAD91E9A69B50037CA16 /* DemoCell.m */; };
		531AEADD1E9A69B50037CA16 /* DemoCell.xib in Resources */ = {isa = PBXBuildFile; fileRef = 531AEADA1E9A69B50037CA16 /* DemoCell.xib */; };
		531AEAE11E9A6A0A0037CA16 /* WSIMeViewController.m in Sources */ = {isa = PBXBuildFile; fileRef = 531AEADF1E9A6A0A0037CA16 /* WSIMeViewController.m */; };
		531AEAE21E9A6A0A0037CA16 /* WSIMeViewController.xib in Resources */ = {isa = PBXBuildFile; fileRef = 531AEAE01E9A6A0A0037CA16 /* WSIMeViewController.xib */; };
		531AEB3A1E9B20120037CA16 /* CCFoldCell.m in Sources */ = {isa = PBXBuildFile; fileRef = 531AEB351E9B20120037CA16 /* CCFoldCell.m */; };
		531AEB3B1E9B20120037CA16 /* CCRotatedView.m in Sources */ = {isa = PBXBuildFile; fileRef = 531AEB371E9B20120037CA16 /* CCRotatedView.m */; };
		531AEB3C1E9B20120037CA16 /* UIView+Snapshot.m in Sources */ = {isa = PBXBuildFile; fileRef = 531AEB391E9B20120037CA16 /* UIView+Snapshot.m */; };
		531AEB3E1E9B20EA0037CA16 /* libMMDrawerController.a in Frameworks */ = {isa = PBXBuildFile; fileRef = 531AEB3D1E9B20EA0037CA16 /* libMMDrawerController.a */; };
		531AEB401E9B263E0037CA16 /* libc++abi.tbd in Frameworks */ = {isa = PBXBuildFile; fileRef = 531AEB3F1E9B263E0037CA16 /* libc++abi.tbd */; };
		531AEB5E1E9B29E10037CA16 /* CodeViewController.m in Sources */ = {isa = PBXBuildFile; fileRef = 531AEB431E9B29E10037CA16 /* CodeViewController.m */; };
		531AEB5F1E9B29E10037CA16 /* CustomCardView.m in Sources */ = {isa = PBXBuildFile; fileRef = 531AEB451E9B29E10037CA16 /* CustomCardView.m */; };
		531AEB601E9B29E10037CA16 /* MainViewController.m in Sources */ = {isa = PBXBuildFile; fileRef = 531AEB471E9B29E10037CA16 /* MainViewController.m */; };
		531AEB611E9B29E10037CA16 /* XibViewController.m in Sources */ = {isa = PBXBuildFile; fileRef = 531AEB491E9B29E10037CA16 /* XibViewController.m */; };
		531AEB621E9B29E10037CA16 /* XibViewController.xib in Resources */ = {isa = PBXBuildFile; fileRef = 531AEB4A1E9B29E10037CA16 /* XibViewController.xib */; };
		531AEB631E9B29E10037CA16 /* image_1.jpg in Resources */ = {isa = PBXBuildFile; fileRef = 531AEB4C1E9B29E10037CA16 /* image_1.jpg */; };
		531AEB641E9B29E10037CA16 /* image_2.jpg in Resources */ = {isa = PBXBuildFile; fileRef = 531AEB4D1E9B29E10037CA16 /* image_2.jpg */; };
		531AEB651E9B29E10037CA16 /* image_3.jpg in Resources */ = {isa = PBXBuildFile; fileRef = 531AEB4E1E9B29E10037CA16 /* image_3.jpg */; };
		531AEB661E9B29E10037CA16 /* image_4.jpg in Resources */ = {isa = PBXBuildFile; fileRef = 531AEB4F1E9B29E10037CA16 /* image_4.jpg */; };
		531AEB671E9B29E10037CA16 /* image_5.jpg in Resources */ = {isa = PBXBuildFile; fileRef = 531AEB501E9B29E10037CA16 /* image_5.jpg */; };
		531AEB681E9B29E10037CA16 /* image_6.jpg in Resources */ = {isa = PBXBuildFile; fileRef = 531AEB511E9B29E10037CA16 /* image_6.jpg */; };
		531AEB691E9B29E10037CA16 /* image_7.jpg in Resources */ = {isa = PBXBuildFile; fileRef = 531AEB521E9B29E10037CA16 /* image_7.jpg */; };
		531AEB6A1E9B29E10037CA16 /* image_8.jpg in Resources */ = {isa = PBXBuildFile; fileRef = 531AEB531E9B29E10037CA16 /* image_8.jpg */; };
		531AEB6B1E9B29E10037CA16 /* image_9.jpg in Resources */ = {isa = PBXBuildFile; fileRef = 531AEB541E9B29E10037CA16 /* image_9.jpg */; };
		531AEB6C1E9B29E10037CA16 /* liked@2x.png in Resources */ = {isa = PBXBuildFile; fileRef = 531AEB551E9B29E10037CA16 /* liked@2x.png */; };
		531AEB6D1E9B29E10037CA16 /* nope@2x.png in Resources */ = {isa = PBXBuildFile; fileRef = 531AEB561E9B29E10037CA16 /* nope@2x.png */; };
		531AEB6E1E9B29E10037CA16 /* userInfo.png in Resources */ = {isa = PBXBuildFile; fileRef = 531AEB571E9B29E10037CA16 /* userInfo.png */; };
		531AEB6F1E9B29E10037CA16 /* CCDraggableCardView.m in Sources */ = {isa = PBXBuildFile; fileRef = 531AEB5A1E9B29E10037CA16 /* CCDraggableCardView.m */; };
		531AEB701E9B29E10037CA16 /* CCDraggableContainer.m in Sources */ = {isa = PBXBuildFile; fileRef = 531AEB5D1E9B29E10037CA16 /* CCDraggableContainer.m */; };
		531D50D71E98C0EB00B17598 /* WSIConst.m in Sources */ = {isa = PBXBuildFile; fileRef = 531D50D61E98C0EB00B17598 /* WSIConst.m */; };
		531D50DB1E98C8A400B17598 /* WSILoginViewController.m in Sources */ = {isa = PBXBuildFile; fileRef = 531D50D91E98C8A400B17598 /* WSILoginViewController.m */; };
		531D50DC1E98C8A400B17598 /* WSILoginViewController.xib in Resources */ = {isa = PBXBuildFile; fileRef = 531D50DA1E98C8A400B17598 /* WSILoginViewController.xib */; };
		532887061EA3AF8800672978 /* ListObject.m in Sources */ = {isa = PBXBuildFile; fileRef = 532887051EA3AF8800672978 /* ListObject.m */; };
		532887091EA3B0DC00672978 /* User.m in Sources */ = {isa = PBXBuildFile; fileRef = 532887081EA3B0DC00672978 /* User.m */; };
		5373E7451E9670A900819DCD /* main.m in Sources */ = {isa = PBXBuildFile; fileRef = 5373E7441E9670A900819DCD /* main.m */; };
		5373E7481E9670A900819DCD /* AppDelegate.m in Sources */ = {isa = PBXBuildFile; fileRef = 5373E7471E9670A900819DCD /* AppDelegate.m */; };
		5373E7511E9670A900819DCD /* ____.xcdatamodeld in Sources */ = {isa = PBXBuildFile; fileRef = 5373E74F1E9670A900819DCD /* ____.xcdatamodeld */; };
		5373E7531E9670A900819DCD /* Assets.xcassets in Resources */ = {isa = PBXBuildFile; fileRef = 5373E7521E9670A900819DCD /* Assets.xcassets */; };
		5373E7561E9670A900819DCD /* LaunchScreen.storyboard in Resources */ = {isa = PBXBuildFile; fileRef = 5373E7541E9670A900819DCD /* LaunchScreen.storyboard */; };
		5373E7981E967C0400819DCD /* UIView+XMGExtension.m in Sources */ = {isa = PBXBuildFile; fileRef = 5373E78A1E967C0400819DCD /* UIView+XMGExtension.m */; };
		5373E7991E967C0400819DCD /* UIBarButtonItem+XMGExtension.m in Sources */ = {isa = PBXBuildFile; fileRef = 5373E78C1E967C0400819DCD /* UIBarButtonItem+XMGExtension.m */; };
		5373E79A1E967C0400819DCD /* UIButton+XMGExtension.m in Sources */ = {isa = PBXBuildFile; fileRef = 5373E78E1E967C0400819DCD /* UIButton+XMGExtension.m */; };
		5373E79B1E967C0400819DCD /* UITextField+XMGExtension.m in Sources */ = {isa = PBXBuildFile; fileRef = 5373E7901E967C0400819DCD /* UITextField+XMGExtension.m */; };
		5373E79C1E967C0400819DCD /* NSString+XMGExtension.m in Sources */ = {isa = PBXBuildFile; fileRef = 5373E7921E967C0400819DCD /* NSString+XMGExtension.m */; };
		5373E79D1E967C0400819DCD /* NSDate+XMGExtension.m in Sources */ = {isa = PBXBuildFile; fileRef = 5373E7941E967C0400819DCD /* NSDate+XMGExtension.m */; };
		5373E79E1E967C0400819DCD /* NSCalendar+XMGExtension.m in Sources */ = {isa = PBXBuildFile; fileRef = 5373E7961E967C0400819DCD /* NSCalendar+XMGExtension.m */; };
		53900E4A1EA4A690009FEC41 /* XWScanImage.m in Sources */ = {isa = PBXBuildFile; fileRef = 53900E491EA4A690009FEC41 /* XWScanImage.m */; };
		53BC82591EA5086000E95834 /* WSIRefreshHeader.m in Sources */ = {isa = PBXBuildFile; fileRef = 53BC82561EA5086000E95834 /* WSIRefreshHeader.m */; };
		53BC825A1EA5086000E95834 /* WSIRefreshFooter.m in Sources */ = {isa = PBXBuildFile; fileRef = 53BC82581EA5086000E95834 /* WSIRefreshFooter.m */; };
		53BC82601EA5C00600E95834 /* MobileCoreServices.framework in Frameworks */ = {isa = PBXBuildFile; fileRef = 53BC825F1EA5C00600E95834 /* MobileCoreServices.framework */; };
		53BC82621EA5C00E00E95834 /* AssetsLibrary.framework in Frameworks */ = {isa = PBXBuildFile; fileRef = 53BC82611EA5C00E00E95834 /* AssetsLibrary.framework */; };
		53BC82641EA5C01400E95834 /* ImageIO.framework in Frameworks */ = {isa = PBXBuildFile; fileRef = 53BC82631EA5C01400E95834 /* ImageIO.framework */; };
		53BC82681EA5C02200E95834 /* CoreLocation.framework in Frameworks */ = {isa = PBXBuildFile; fileRef = 53BC82671EA5C02200E95834 /* CoreLocation.framework */; };
		53BC826A1EA5C02900E95834 /* Security.framework in Frameworks */ = {isa = PBXBuildFile; fileRef = 53BC82691EA5C02900E95834 /* Security.framework */; };
		53BC826C1EA5C03300E95834 /* SystemConfiguration.framework in Frameworks */ = {isa = PBXBuildFile; fileRef = 53BC826B1EA5C03300E95834 /* SystemConfiguration.framework */; };
		53BC826E1EA5C03A00E95834 /* CoreTelephony.framework in Frameworks */ = {isa = PBXBuildFile; fileRef = 53BC826D1EA5C03A00E95834 /* CoreTelephony.framework */; };
		53BC82701EA5C04400E95834 /* CFNetwork.framework in Frameworks */ = {isa = PBXBuildFile; fileRef = 53BC826F1EA5C04400E95834 /* CFNetwork.framework */; };
		53BC82721EA5C04E00E95834 /* CoreGraphics.framework in Frameworks */ = {isa = PBXBuildFile; fileRef = 53BC82711EA5C04E00E95834 /* CoreGraphics.framework */; };
		53BC82741EA5C05300E95834 /* UIKit.framework in Frameworks */ = {isa = PBXBuildFile; fileRef = 53BC82731EA5C05300E95834 /* UIKit.framework */; };
		53BC82761EA5C05900E95834 /* Foundation.framework in Frameworks */ = {isa = PBXBuildFile; fileRef = 53BC82751EA5C05900E95834 /* Foundation.framework */; };
		53BC82861EA5C08900E95834 /* AlibabaAuthExt.framework in Frameworks */ = {isa = PBXBuildFile; fileRef = 53BC82771EA5C08900E95834 /* AlibabaAuthExt.framework */; };
		53BC82871EA5C08900E95834 /* AlibabaAuthSDK.framework in Frameworks */ = {isa = PBXBuildFile; fileRef = 53BC82781EA5C08900E95834 /* AlibabaAuthSDK.framework */; };
		53BC82881EA5C08900E95834 /* AlibcLinkPartnerSDK.framework in Frameworks */ = {isa = PBXBuildFile; fileRef = 53BC82791EA5C08900E95834 /* AlibcLinkPartnerSDK.framework */; };
		53BC82891EA5C08900E95834 /* AlibcTradeBiz.framework in Frameworks */ = {isa = PBXBuildFile; fileRef = 53BC827A1EA5C08900E95834 /* AlibcTradeBiz.framework */; };
		53BC828A1EA5C08900E95834 /* AlibcTradeCommon.framework in Frameworks */ = {isa = PBXBuildFile; fileRef = 53BC827B1EA5C08900E95834 /* AlibcTradeCommon.framework */; };
		53BC828B1EA5C08900E95834 /* AlibcTradeSDK.framework in Frameworks */ = {isa = PBXBuildFile; fileRef = 53BC827C1EA5C08900E95834 /* AlibcTradeSDK.framework */; };
		53BC828C1EA5C08900E95834 /* AlipaySDK.framework in Frameworks */ = {isa = PBXBuildFile; fileRef = 53BC827D1EA5C08900E95834 /* AlipaySDK.framework */; };
		53BC828D1EA5C08900E95834 /* OpenMtopExt.framework in Frameworks */ = {isa = PBXBuildFile; fileRef = 53BC827E1EA5C08900E95834 /* OpenMtopExt.framework */; };
		53BC828E1EA5C08900E95834 /* OpenMtopSDK.framework in Frameworks */ = {isa = PBXBuildFile; fileRef = 53BC827F1EA5C08900E95834 /* OpenMtopSDK.framework */; };
		53BC828F1EA5C08900E95834 /* SecurityGuardSDK.framework in Frameworks */ = {isa = PBXBuildFile; fileRef = 53BC82801EA5C08900E95834 /* SecurityGuardSDK.framework */; };
		53BC82901EA5C08900E95834 /* SGMain.framework in Frameworks */ = {isa = PBXBuildFile; fileRef = 53BC82811EA5C08900E95834 /* SGMain.framework */; };
		53BC82911EA5C08900E95834 /* SGNoCaptcha.framework in Frameworks */ = {isa = PBXBuildFile; fileRef = 53BC82821EA5C08900E95834 /* SGNoCaptcha.framework */; };
		53BC82921EA5C08900E95834 /* SGSecurityBody.framework in Frameworks */ = {isa = PBXBuildFile; fileRef = 53BC82831EA5C08900E95834 /* SGSecurityBody.framework */; };
		53BC82931EA5C08900E95834 /* UTDID.framework in Frameworks */ = {isa = PBXBuildFile; fileRef = 53BC82841EA5C08900E95834 /* UTDID.framework */; };
		53BC82941EA5C08900E95834 /* UTMini.framework in Frameworks */ = {isa = PBXBuildFile; fileRef = 53BC82851EA5C08900E95834 /* UTMini.framework */; };
		53BC829D1EA5C15D00E95834 /* CoreData.framework in Frameworks */ = {isa = PBXBuildFile; fileRef = 53BC82651EA5C01B00E95834 /* CoreData.framework */; };
		53BC82CA1EA5EBD200E95834 /* NBResource.bundle in Resources */ = {isa = PBXBuildFile; fileRef = 53BC82C91EA5EBD200E95834 /* NBResource.bundle */; };
		53BC82CC1EA5F56E00E95834 /* yw_1222.jpg in Resources */ = {isa = PBXBuildFile; fileRef = 53BC82CB1EA5F56E00E95834 /* yw_1222.jpg */; };
		53FB50931E9DD795002B305D /* HUDUtils.m in Sources */ = {isa = PBXBuildFile; fileRef = 53FB50921E9DD795002B305D /* HUDUtils.m */; };
/* End PBXBuildFile section */

/* Begin PBXFileReference section */
		0F8911154D759A039C16C9A8 /* Pods-心愿很忙.debug.xcconfig */ = {isa = PBXFileReference; includeInIndex = 1; lastKnownFileType = text.xcconfig; name = "Pods-心愿很忙.debug.xcconfig"; path = "Pods/Target Support Files/Pods-心愿很忙/Pods-心愿很忙.debug.xcconfig"; sourceTree = "<group>"; };
		114C6E6543F4132BF072B9FE /* Pods-心愿很忙.release.xcconfig */ = {isa = PBXFileReference; includeInIndex = 1; lastKnownFileType = text.xcconfig; name = "Pods-心愿很忙.release.xcconfig"; path = "Pods/Target Support Files/Pods-心愿很忙/Pods-心愿很忙.release.xcconfig"; sourceTree = "<group>"; };
		531AEA461E992AB80037CA16 /* WSIRegisterViewController.h */ = {isa = PBXFileReference; fileEncoding = 4; lastKnownFileType = sourcecode.c.h; path = WSIRegisterViewController.h; sourceTree = "<group>"; };
		531AEA471E992AB80037CA16 /* WSIRegisterViewController.m */ = {isa = PBXFileReference; fileEncoding = 4; lastKnownFileType = sourcecode.c.objc; path = WSIRegisterViewController.m; sourceTree = "<group>"; };
		531AEA481E992AB80037CA16 /* WSIRegisterViewController.xib */ = {isa = PBXFileReference; fileEncoding = 4; lastKnownFileType = file.xib; path = WSIRegisterViewController.xib; sourceTree = "<group>"; };
		531AEABB1E9A0C830037CA16 /* Podfile */ = {isa = PBXFileReference; fileEncoding = 4; lastKnownFileType = text; path = Podfile; sourceTree = "<group>"; xcLanguageSpecificationIdentifier = xcode.lang.ruby; };
		531AEAD61E9A69B50037CA16 /* WSIMainTableViewController.h */ = {isa = PBXFileReference; fileEncoding = 4; lastKnownFileType = sourcecode.c.h; path = WSIMainTableViewController.h; sourceTree = "<group>"; };
		531AEAD71E9A69B50037CA16 /* WSIMainTableViewController.m */ = {isa = PBXFileReference; fileEncoding = 4; lastKnownFileType = sourcecode.c.objc; path = WSIMainTableViewController.m; sourceTree = "<group>"; };
		531AEAD81E9A69B50037CA16 /* DemoCell.h */ = {isa = PBXFileReference; fileEncoding = 4; lastKnownFileType = sourcecode.c.h; path = DemoCell.h; sourceTree = "<group>"; };
		531AEAD91E9A69B50037CA16 /* DemoCell.m */ = {isa = PBXFileReference; fileEncoding = 4; lastKnownFileType = sourcecode.c.objc; path = DemoCell.m; sourceTree = "<group>"; };
		531AEADA1E9A69B50037CA16 /* DemoCell.xib */ = {isa = PBXFileReference; fileEncoding = 4; lastKnownFileType = file.xib; path = DemoCell.xib; sourceTree = "<group>"; };
		531AEADE1E9A6A0A0037CA16 /* WSIMeViewController.h */ = {isa = PBXFileReference; fileEncoding = 4; lastKnownFileType = sourcecode.c.h; path = WSIMeViewController.h; sourceTree = "<group>"; };
		531AEADF1E9A6A0A0037CA16 /* WSIMeViewController.m */ = {isa = PBXFileReference; fileEncoding = 4; lastKnownFileType = sourcecode.c.objc; path = WSIMeViewController.m; sourceTree = "<group>"; };
		531AEAE01E9A6A0A0037CA16 /* WSIMeViewController.xib */ = {isa = PBXFileReference; fileEncoding = 4; lastKnownFileType = file.xib; path = WSIMeViewController.xib; sourceTree = "<group>"; };
		531AEB341E9B20120037CA16 /* CCFoldCell.h */ = {isa = PBXFileReference; fileEncoding = 4; lastKnownFileType = sourcecode.c.h; path = CCFoldCell.h; sourceTree = "<group>"; };
		531AEB351E9B20120037CA16 /* CCFoldCell.m */ = {isa = PBXFileReference; fileEncoding = 4; lastKnownFileType = sourcecode.c.objc; path = CCFoldCell.m; sourceTree = "<group>"; };
		531AEB361E9B20120037CA16 /* CCRotatedView.h */ = {isa = PBXFileReference; fileEncoding = 4; lastKnownFileType = sourcecode.c.h; path = CCRotatedView.h; sourceTree = "<group>"; };
		531AEB371E9B20120037CA16 /* CCRotatedView.m */ = {isa = PBXFileReference; fileEncoding = 4; lastKnownFileType = sourcecode.c.objc; path = CCRotatedView.m; sourceTree = "<group>"; };
		531AEB381E9B20120037CA16 /* UIView+Snapshot.h */ = {isa = PBXFileReference; fileEncoding = 4; lastKnownFileType = sourcecode.c.h; path = "UIView+Snapshot.h"; sourceTree = "<group>"; };
		531AEB391E9B20120037CA16 /* UIView+Snapshot.m */ = {isa = PBXFileReference; fileEncoding = 4; lastKnownFileType = sourcecode.c.objc; path = "UIView+Snapshot.m"; sourceTree = "<group>"; };
		531AEB3D1E9B20EA0037CA16 /* libMMDrawerController.a */ = {isa = PBXFileReference; lastKnownFileType = archive.ar; name = libMMDrawerController.a; path = "../../../Library/Developer/Xcode/DerivedData/心愿很忙-birpoufrcnwvpzditeaxylcqvifw/Build/Products/Debug-iphonesimulator/MMDrawerController/libMMDrawerController.a"; sourceTree = "<group>"; };
		531AEB3F1E9B263E0037CA16 /* libc++abi.tbd */ = {isa = PBXFileReference; lastKnownFileType = "sourcecode.text-based-dylib-definition"; name = "libc++abi.tbd"; path = "usr/lib/libc++abi.tbd"; sourceTree = SDKROOT; };
		531AEB421E9B29E10037CA16 /* CodeViewController.h */ = {isa = PBXFileReference; fileEncoding = 4; lastKnownFileType = sourcecode.c.h; path = CodeViewController.h; sourceTree = "<group>"; };
		531AEB431E9B29E10037CA16 /* CodeViewController.m */ = {isa = PBXFileReference; fileEncoding = 4; lastKnownFileType = sourcecode.c.objc; path = CodeViewController.m; sourceTree = "<group>"; };
		531AEB441E9B29E10037CA16 /* CustomCardView.h */ = {isa = PBXFileReference; fileEncoding = 4; lastKnownFileType = sourcecode.c.h; path = CustomCardView.h; sourceTree = "<group>"; };
		531AEB451E9B29E10037CA16 /* CustomCardView.m */ = {isa = PBXFileReference; fileEncoding = 4; lastKnownFileType = sourcecode.c.objc; path = CustomCardView.m; sourceTree = "<group>"; };
		531AEB461E9B29E10037CA16 /* MainViewController.h */ = {isa = PBXFileReference; fileEncoding = 4; lastKnownFileType = sourcecode.c.h; path = MainViewController.h; sourceTree = "<group>"; };
		531AEB471E9B29E10037CA16 /* MainViewController.m */ = {isa = PBXFileReference; fileEncoding = 4; lastKnownFileType = sourcecode.c.objc; path = MainViewController.m; sourceTree = "<group>"; };
		531AEB481E9B29E10037CA16 /* XibViewController.h */ = {isa = PBXFileReference; fileEncoding = 4; lastKnownFileType = sourcecode.c.h; path = XibViewController.h; sourceTree = "<group>"; };
		531AEB491E9B29E10037CA16 /* XibViewController.m */ = {isa = PBXFileReference; fileEncoding = 4; lastKnownFileType = sourcecode.c.objc; path = XibViewController.m; sourceTree = "<group>"; };
		531AEB4A1E9B29E10037CA16 /* XibViewController.xib */ = {isa = PBXFileReference; fileEncoding = 4; lastKnownFileType = file.xib; path = XibViewController.xib; sourceTree = "<group>"; };
		531AEB4C1E9B29E10037CA16 /* image_1.jpg */ = {isa = PBXFileReference; lastKnownFileType = image.jpeg; path = image_1.jpg; sourceTree = "<group>"; };
		531AEB4D1E9B29E10037CA16 /* image_2.jpg */ = {isa = PBXFileReference; lastKnownFileType = image.jpeg; path = image_2.jpg; sourceTree = "<group>"; };
		531AEB4E1E9B29E10037CA16 /* image_3.jpg */ = {isa = PBXFileReference; lastKnownFileType = image.jpeg; path = image_3.jpg; sourceTree = "<group>"; };
		531AEB4F1E9B29E10037CA16 /* image_4.jpg */ = {isa = PBXFileReference; lastKnownFileType = image.jpeg; path = image_4.jpg; sourceTree = "<group>"; };
		531AEB501E9B29E10037CA16 /* image_5.jpg */ = {isa = PBXFileReference; lastKnownFileType = image.jpeg; path = image_5.jpg; sourceTree = "<group>"; };
		531AEB511E9B29E10037CA16 /* image_6.jpg */ = {isa = PBXFileReference; lastKnownFileType = image.jpeg; path = image_6.jpg; sourceTree = "<group>"; };
		531AEB521E9B29E10037CA16 /* image_7.jpg */ = {isa = PBXFileReference; lastKnownFileType = image.jpeg; path = image_7.jpg; sourceTree = "<group>"; };
		531AEB531E9B29E10037CA16 /* image_8.jpg */ = {isa = PBXFileReference; lastKnownFileType = image.jpeg; path = image_8.jpg; sourceTree = "<group>"; };
		531AEB541E9B29E10037CA16 /* image_9.jpg */ = {isa = PBXFileReference; lastKnownFileType = image.jpeg; path = image_9.jpg; sourceTree = "<group>"; };
		531AEB551E9B29E10037CA16 /* liked@2x.png */ = {isa = PBXFileReference; lastKnownFileType = image.png; path = "liked@2x.png"; sourceTree = "<group>"; };
		531AEB561E9B29E10037CA16 /* nope@2x.png */ = {isa = PBXFileReference; lastKnownFileType = image.png; path = "nope@2x.png"; sourceTree = "<group>"; };
		531AEB571E9B29E10037CA16 /* userInfo.png */ = {isa = PBXFileReference; lastKnownFileType = image.png; path = userInfo.png; sourceTree = "<group>"; };
		531AEB591E9B29E10037CA16 /* CCDraggableCardView.h */ = {isa = PBXFileReference; fileEncoding = 4; lastKnownFileType = sourcecode.c.h; path = CCDraggableCardView.h; sourceTree = "<group>"; };
		531AEB5A1E9B29E10037CA16 /* CCDraggableCardView.m */ = {isa = PBXFileReference; fileEncoding = 4; lastKnownFileType = sourcecode.c.objc; path = CCDraggableCardView.m; sourceTree = "<group>"; };
		531AEB5B1E9B29E10037CA16 /* CCDraggableConfig.h */ = {isa = PBXFileReference; fileEncoding = 4; lastKnownFileType = sourcecode.c.h; path = CCDraggableConfig.h; sourceTree = "<group>"; };
		531AEB5C1E9B29E10037CA16 /* CCDraggableContainer.h */ = {isa = PBXFileReference; fileEncoding = 4; lastKnownFileType = sourcecode.c.h; path = CCDraggableContainer.h; sourceTree = "<group>"; };
		531AEB5D1E9B29E10037CA16 /* CCDraggableContainer.m */ = {isa = PBXFileReference; fileEncoding = 4; lastKnownFileType = sourcecode.c.objc; path = CCDraggableContainer.m; sourceTree = "<group>"; };
		531D50D51E98C0EB00B17598 /* WSIConst.h */ = {isa = PBXFileReference; fileEncoding = 4; lastKnownFileType = sourcecode.c.h; path = WSIConst.h; sourceTree = "<group>"; };
		531D50D61E98C0EB00B17598 /* WSIConst.m */ = {isa = PBXFileReference; fileEncoding = 4; lastKnownFileType = sourcecode.c.objc; path = WSIConst.m; sourceTree = "<group>"; };
		531D50D81E98C8A400B17598 /* WSILoginViewController.h */ = {isa = PBXFileReference; fileEncoding = 4; lastKnownFileType = sourcecode.c.h; path = WSILoginViewController.h; sourceTree = "<group>"; };
		531D50D91E98C8A400B17598 /* WSILoginViewController.m */ = {isa = PBXFileReference; fileEncoding = 4; lastKnownFileType = sourcecode.c.objc; path = WSILoginViewController.m; sourceTree = "<group>"; };
		531D50DA1E98C8A400B17598 /* WSILoginViewController.xib */ = {isa = PBXFileReference; fileEncoding = 4; lastKnownFileType = file.xib; path = WSILoginViewController.xib; sourceTree = "<group>"; };
		532887041EA3AF8800672978 /* ListObject.h */ = {isa = PBXFileReference; fileEncoding = 4; lastKnownFileType = sourcecode.c.h; path = ListObject.h; sourceTree = "<group>"; };
		532887051EA3AF8800672978 /* ListObject.m */ = {isa = PBXFileReference; fileEncoding = 4; lastKnownFileType = sourcecode.c.objc; path = ListObject.m; sourceTree = "<group>"; };
		532887071EA3B0DC00672978 /* User.h */ = {isa = PBXFileReference; fileEncoding = 4; lastKnownFileType = sourcecode.c.h; path = User.h; sourceTree = "<group>"; };
		532887081EA3B0DC00672978 /* User.m */ = {isa = PBXFileReference; fileEncoding = 4; lastKnownFileType = sourcecode.c.objc; path = User.m; sourceTree = "<group>"; };
		5373E7401E9670A900819DCD /* 心愿很忙.app */ = {isa = PBXFileReference; explicitFileType = wrapper.application; includeInIndex = 0; path = "心愿很忙.app"; sourceTree = BUILT_PRODUCTS_DIR; };
		5373E7441E9670A900819DCD /* main.m */ = {isa = PBXFileReference; lastKnownFileType = sourcecode.c.objc; path = main.m; sourceTree = "<group>"; };
		5373E7461E9670A900819DCD /* AppDelegate.h */ = {isa = PBXFileReference; lastKnownFileType = sourcecode.c.h; path = AppDelegate.h; sourceTree = "<group>"; };
		5373E7471E9670A900819DCD /* AppDelegate.m */ = {isa = PBXFileReference; lastKnownFileType = sourcecode.c.objc; path = AppDelegate.m; sourceTree = "<group>"; };
		5373E7501E9670A900819DCD /* ____.xcdatamodel */ = {isa = PBXFileReference; lastKnownFileType = wrapper.xcdatamodel; path = "____.xcdatamodel"; sourceTree = "<group>"; };
		5373E7521E9670A900819DCD /* Assets.xcassets */ = {isa = PBXFileReference; lastKnownFileType = folder.assetcatalog; path = Assets.xcassets; sourceTree = "<group>"; };
		5373E7551E9670A900819DCD /* Base */ = {isa = PBXFileReference; lastKnownFileType = file.storyboard; name = Base; path = Base.lproj/LaunchScreen.storyboard; sourceTree = "<group>"; };
		5373E7571E9670A900819DCD /* Info.plist */ = {isa = PBXFileReference; lastKnownFileType = text.plist.xml; path = Info.plist; sourceTree = "<group>"; };
		5373E7891E967C0400819DCD /* UIView+XMGExtension.h */ = {isa = PBXFileReference; fileEncoding = 4; lastKnownFileType = sourcecode.c.h; path = "UIView+XMGExtension.h"; sourceTree = "<group>"; };
		5373E78A1E967C0400819DCD /* UIView+XMGExtension.m */ = {isa = PBXFileReference; fileEncoding = 4; lastKnownFileType = sourcecode.c.objc; path = "UIView+XMGExtension.m"; sourceTree = "<group>"; };
		5373E78B1E967C0400819DCD /* UIBarButtonItem+XMGExtension.h */ = {isa = PBXFileReference; fileEncoding = 4; lastKnownFileType = sourcecode.c.h; path = "UIBarButtonItem+XMGExtension.h"; sourceTree = "<group>"; };
		5373E78C1E967C0400819DCD /* UIBarButtonItem+XMGExtension.m */ = {isa = PBXFileReference; fileEncoding = 4; lastKnownFileType = sourcecode.c.objc; path = "UIBarButtonItem+XMGExtension.m"; sourceTree = "<group>"; };
		5373E78D1E967C0400819DCD /* UIButton+XMGExtension.h */ = {isa = PBXFileReference; fileEncoding = 4; lastKnownFileType = sourcecode.c.h; path = "UIButton+XMGExtension.h"; sourceTree = "<group>"; };
		5373E78E1E967C0400819DCD /* UIButton+XMGExtension.m */ = {isa = PBXFileReference; fileEncoding = 4; lastKnownFileType = sourcecode.c.objc; path = "UIButton+XMGExtension.m"; sourceTree = "<group>"; };
		5373E78F1E967C0400819DCD /* UITextField+XMGExtension.h */ = {isa = PBXFileReference; fileEncoding = 4; lastKnownFileType = sourcecode.c.h; path = "UITextField+XMGExtension.h"; sourceTree = "<group>"; };
		5373E7901E967C0400819DCD /* UITextField+XMGExtension.m */ = {isa = PBXFileReference; fileEncoding = 4; lastKnownFileType = sourcecode.c.objc; path = "UITextField+XMGExtension.m"; sourceTree = "<group>"; };
		5373E7911E967C0400819DCD /* NSString+XMGExtension.h */ = {isa = PBXFileReference; fileEncoding = 4; lastKnownFileType = sourcecode.c.h; path = "NSString+XMGExtension.h"; sourceTree = "<group>"; };
		5373E7921E967C0400819DCD /* NSString+XMGExtension.m */ = {isa = PBXFileReference; fileEncoding = 4; lastKnownFileType = sourcecode.c.objc; path = "NSString+XMGExtension.m"; sourceTree = "<group>"; };
		5373E7931E967C0400819DCD /* NSDate+XMGExtension.h */ = {isa = PBXFileReference; fileEncoding = 4; lastKnownFileType = sourcecode.c.h; path = "NSDate+XMGExtension.h"; sourceTree = "<group>"; };
		5373E7941E967C0400819DCD /* NSDate+XMGExtension.m */ = {isa = PBXFileReference; fileEncoding = 4; lastKnownFileType = sourcecode.c.objc; path = "NSDate+XMGExtension.m"; sourceTree = "<group>"; };
		5373E7951E967C0400819DCD /* NSCalendar+XMGExtension.h */ = {isa = PBXFileReference; fileEncoding = 4; lastKnownFileType = sourcecode.c.h; path = "NSCalendar+XMGExtension.h"; sourceTree = "<group>"; };
		5373E7961E967C0400819DCD /* NSCalendar+XMGExtension.m */ = {isa = PBXFileReference; fileEncoding = 4; lastKnownFileType = sourcecode.c.objc; path = "NSCalendar+XMGExtension.m"; sourceTree = "<group>"; };
		5373E79F1E967D8600819DCD /* PrefixHeader.pch */ = {isa = PBXFileReference; lastKnownFileType = sourcecode.c.h; path = PrefixHeader.pch; sourceTree = "<group>"; };
		53900E481EA4A690009FEC41 /* XWScanImage.h */ = {isa = PBXFileReference; fileEncoding = 4; lastKnownFileType = sourcecode.c.h; path = XWScanImage.h; sourceTree = "<group>"; };
		53900E491EA4A690009FEC41 /* XWScanImage.m */ = {isa = PBXFileReference; fileEncoding = 4; lastKnownFileType = sourcecode.c.objc; path = XWScanImage.m; sourceTree = "<group>"; };
		53BC82551EA5086000E95834 /* WSIRefreshHeader.h */ = {isa = PBXFileReference; fileEncoding = 4; lastKnownFileType = sourcecode.c.h; path = WSIRefreshHeader.h; sourceTree = "<group>"; };
		53BC82561EA5086000E95834 /* WSIRefreshHeader.m */ = {isa = PBXFileReference; fileEncoding = 4; lastKnownFileType = sourcecode.c.objc; path = WSIRefreshHeader.m; sourceTree = "<group>"; };
		53BC82571EA5086000E95834 /* WSIRefreshFooter.h */ = {isa = PBXFileReference; fileEncoding = 4; lastKnownFileType = sourcecode.c.h; path = WSIRefreshFooter.h; sourceTree = "<group>"; };
		53BC82581EA5086000E95834 /* WSIRefreshFooter.m */ = {isa = PBXFileReference; fileEncoding = 4; lastKnownFileType = sourcecode.c.objc; path = WSIRefreshFooter.m; sourceTree = "<group>"; };
		53BC825D1EA5BFFF00E95834 /* CoreMotion.framework */ = {isa = PBXFileReference; lastKnownFileType = wrapper.framework; name = CoreMotion.framework; path = System/Library/Frameworks/CoreMotion.framework; sourceTree = SDKROOT; };
		53BC825F1EA5C00600E95834 /* MobileCoreServices.framework */ = {isa = PBXFileReference; lastKnownFileType = wrapper.framework; name = MobileCoreServices.framework; path = System/Library/Frameworks/MobileCoreServices.framework; sourceTree = SDKROOT; };
		53BC82611EA5C00E00E95834 /* AssetsLibrary.framework */ = {isa = PBXFileReference; lastKnownFileType = wrapper.framework; name = AssetsLibrary.framework; path = System/Library/Frameworks/AssetsLibrary.framework; sourceTree = SDKROOT; };
		53BC82631EA5C01400E95834 /* ImageIO.framework */ = {isa = PBXFileReference; lastKnownFileType = wrapper.framework; name = ImageIO.framework; path = System/Library/Frameworks/ImageIO.framework; sourceTree = SDKROOT; };
		53BC82651EA5C01B00E95834 /* CoreData.framework */ = {isa = PBXFileReference; lastKnownFileType = wrapper.framework; name = CoreData.framework; path = System/Library/Frameworks/CoreData.framework; sourceTree = SDKROOT; };
		53BC82671EA5C02200E95834 /* CoreLocation.framework */ = {isa = PBXFileReference; lastKnownFileType = wrapper.framework; name = CoreLocation.framework; path = System/Library/Frameworks/CoreLocation.framework; sourceTree = SDKROOT; };
		53BC82691EA5C02900E95834 /* Security.framework */ = {isa = PBXFileReference; lastKnownFileType = wrapper.framework; name = Security.framework; path = System/Library/Frameworks/Security.framework; sourceTree = SDKROOT; };
		53BC826B1EA5C03300E95834 /* SystemConfiguration.framework */ = {isa = PBXFileReference; lastKnownFileType = wrapper.framework; name = SystemConfiguration.framework; path = System/Library/Frameworks/SystemConfiguration.framework; sourceTree = SDKROOT; };
		53BC826D1EA5C03A00E95834 /* CoreTelephony.framework */ = {isa = PBXFileReference; lastKnownFileType = wrapper.framework; name = CoreTelephony.framework; path = System/Library/Frameworks/CoreTelephony.framework; sourceTree = SDKROOT; };
		53BC826F1EA5C04400E95834 /* CFNetwork.framework */ = {isa = PBXFileReference; lastKnownFileType = wrapper.framework; name = CFNetwork.framework; path = System/Library/Frameworks/CFNetwork.framework; sourceTree = SDKROOT; };
		53BC82711EA5C04E00E95834 /* CoreGraphics.framework */ = {isa = PBXFileReference; lastKnownFileType = wrapper.framework; name = CoreGraphics.framework; path = System/Library/Frameworks/CoreGraphics.framework; sourceTree = SDKROOT; };
		53BC82731EA5C05300E95834 /* UIKit.framework */ = {isa = PBXFileReference; lastKnownFileType = wrapper.framework; name = UIKit.framework; path = System/Library/Frameworks/UIKit.framework; sourceTree = SDKROOT; };
		53BC82751EA5C05900E95834 /* Foundation.framework */ = {isa = PBXFileReference; lastKnownFileType = wrapper.framework; name = Foundation.framework; path = System/Library/Frameworks/Foundation.framework; sourceTree = SDKROOT; };
		53BC82771EA5C08900E95834 /* AlibabaAuthExt.framework */ = {isa = PBXFileReference; lastKnownFileType = wrapper.framework; name = AlibabaAuthExt.framework; path = "../../../Downloads/AlibcTradeSDK-3.1.1.96+AlibcTradeBiz-3.1.1.96+AlibcTradeCommon-3.1.1.93+AlibcLinkPartnerSDK-1.1.0.9-FullPackage 3/Frameworks/AlibabaAuthExt.framework"; sourceTree = "<group>"; };
		53BC82781EA5C08900E95834 /* AlibabaAuthSDK.framework */ = {isa = PBXFileReference; lastKnownFileType = wrapper.framework; name = AlibabaAuthSDK.framework; path = "../../../Downloads/AlibcTradeSDK-3.1.1.96+AlibcTradeBiz-3.1.1.96+AlibcTradeCommon-3.1.1.93+AlibcLinkPartnerSDK-1.1.0.9-FullPackage 3/Frameworks/AlibabaAuthSDK.framework"; sourceTree = "<group>"; };
		53BC82791EA5C08900E95834 /* AlibcLinkPartnerSDK.framework */ = {isa = PBXFileReference; lastKnownFileType = wrapper.framework; name = AlibcLinkPartnerSDK.framework; path = "../../../Downloads/AlibcTradeSDK-3.1.1.96+AlibcTradeBiz-3.1.1.96+AlibcTradeCommon-3.1.1.93+AlibcLinkPartnerSDK-1.1.0.9-FullPackage 3/Frameworks/AlibcLinkPartnerSDK.framework"; sourceTree = "<group>"; };
		53BC827A1EA5C08900E95834 /* AlibcTradeBiz.framework */ = {isa = PBXFileReference; lastKnownFileType = wrapper.framework; name = AlibcTradeBiz.framework; path = "../../../Downloads/AlibcTradeSDK-3.1.1.96+AlibcTradeBiz-3.1.1.96+AlibcTradeCommon-3.1.1.93+AlibcLinkPartnerSDK-1.1.0.9-FullPackage 3/Frameworks/AlibcTradeBiz.framework"; sourceTree = "<group>"; };
		53BC827B1EA5C08900E95834 /* AlibcTradeCommon.framework */ = {isa = PBXFileReference; lastKnownFileType = wrapper.framework; name = AlibcTradeCommon.framework; path = "../../../Downloads/AlibcTradeSDK-3.1.1.96+AlibcTradeBiz-3.1.1.96+AlibcTradeCommon-3.1.1.93+AlibcLinkPartnerSDK-1.1.0.9-FullPackage 3/Frameworks/AlibcTradeCommon.framework"; sourceTree = "<group>"; };
		53BC827C1EA5C08900E95834 /* AlibcTradeSDK.framework */ = {isa = PBXFileReference; lastKnownFileType = wrapper.framework; name = AlibcTradeSDK.framework; path = "../../../Downloads/AlibcTradeSDK-3.1.1.96+AlibcTradeBiz-3.1.1.96+AlibcTradeCommon-3.1.1.93+AlibcLinkPartnerSDK-1.1.0.9-FullPackage 3/Frameworks/AlibcTradeSDK.framework"; sourceTree = "<group>"; };
		53BC827D1EA5C08900E95834 /* AlipaySDK.framework */ = {isa = PBXFileReference; lastKnownFileType = wrapper.framework; name = AlipaySDK.framework; path = "../../../Downloads/AlibcTradeSDK-3.1.1.96+AlibcTradeBiz-3.1.1.96+AlibcTradeCommon-3.1.1.93+AlibcLinkPartnerSDK-1.1.0.9-FullPackage 3/Frameworks/AlipaySDK.framework"; sourceTree = "<group>"; };
		53BC827E1EA5C08900E95834 /* OpenMtopExt.framework */ = {isa = PBXFileReference; lastKnownFileType = wrapper.framework; name = OpenMtopExt.framework; path = "../../../Downloads/AlibcTradeSDK-3.1.1.96+AlibcTradeBiz-3.1.1.96+AlibcTradeCommon-3.1.1.93+AlibcLinkPartnerSDK-1.1.0.9-FullPackage 3/Frameworks/OpenMtopExt.framework"; sourceTree = "<group>"; };
		53BC827F1EA5C08900E95834 /* OpenMtopSDK.framework */ = {isa = PBXFileReference; lastKnownFileType = wrapper.framework; name = OpenMtopSDK.framework; path = "../../../Downloads/AlibcTradeSDK-3.1.1.96+AlibcTradeBiz-3.1.1.96+AlibcTradeCommon-3.1.1.93+AlibcLinkPartnerSDK-1.1.0.9-FullPackage 3/Frameworks/OpenMtopSDK.framework"; sourceTree = "<group>"; };
		53BC82801EA5C08900E95834 /* SecurityGuardSDK.framework */ = {isa = PBXFileReference; lastKnownFileType = wrapper.framework; name = SecurityGuardSDK.framework; path = "../../../Downloads/AlibcTradeSDK-3.1.1.96+AlibcTradeBiz-3.1.1.96+AlibcTradeCommon-3.1.1.93+AlibcLinkPartnerSDK-1.1.0.9-FullPackage 3/Frameworks/SecurityGuardSDK.framework"; sourceTree = "<group>"; };
		53BC82811EA5C08900E95834 /* SGMain.framework */ = {isa = PBXFileReference; lastKnownFileType = wrapper.framework; name = SGMain.framework; path = "../../../Downloads/AlibcTradeSDK-3.1.1.96+AlibcTradeBiz-3.1.1.96+AlibcTradeCommon-3.1.1.93+AlibcLinkPartnerSDK-1.1.0.9-FullPackage 3/Frameworks/SGMain.framework"; sourceTree = "<group>"; };
		53BC82821EA5C08900E95834 /* SGNoCaptcha.framework */ = {isa = PBXFileReference; lastKnownFileType = wrapper.framework; name = SGNoCaptcha.framework; path = "../../../Downloads/AlibcTradeSDK-3.1.1.96+AlibcTradeBiz-3.1.1.96+AlibcTradeCommon-3.1.1.93+AlibcLinkPartnerSDK-1.1.0.9-FullPackage 3/Frameworks/SGNoCaptcha.framework"; sourceTree = "<group>"; };
		53BC82831EA5C08900E95834 /* SGSecurityBody.framework */ = {isa = PBXFileReference; lastKnownFileType = wrapper.framework; name = SGSecurityBody.framework; path = "../../../Downloads/AlibcTradeSDK-3.1.1.96+AlibcTradeBiz-3.1.1.96+AlibcTradeCommon-3.1.1.93+AlibcLinkPartnerSDK-1.1.0.9-FullPackage 3/Frameworks/SGSecurityBody.framework"; sourceTree = "<group>"; };
		53BC82841EA5C08900E95834 /* UTDID.framework */ = {isa = PBXFileReference; lastKnownFileType = wrapper.framework; name = UTDID.framework; path = "../../../Downloads/AlibcTradeSDK-3.1.1.96+AlibcTradeBiz-3.1.1.96+AlibcTradeCommon-3.1.1.93+AlibcLinkPartnerSDK-1.1.0.9-FullPackage 3/Frameworks/UTDID.framework"; sourceTree = "<group>"; };
		53BC82851EA5C08900E95834 /* UTMini.framework */ = {isa = PBXFileReference; lastKnownFileType = wrapper.framework; name = UTMini.framework; path = "../../../Downloads/AlibcTradeSDK-3.1.1.96+AlibcTradeBiz-3.1.1.96+AlibcTradeCommon-3.1.1.93+AlibcLinkPartnerSDK-1.1.0.9-FullPackage 3/Frameworks/UTMini.framework"; sourceTree = "<group>"; };
		53BC82C91EA5EBD200E95834 /* NBResource.bundle */ = {isa = PBXFileReference; lastKnownFileType = "wrapper.plug-in"; path = NBResource.bundle; sourceTree = "<group>"; };
		53BC82CB1EA5F56E00E95834 /* yw_1222.jpg */ = {isa = PBXFileReference; lastKnownFileType = image.jpeg; path = yw_1222.jpg; sourceTree = "<group>"; };
		53FB50911E9DD795002B305D /* HUDUtils.h */ = {isa = PBXFileReference; fileEncoding = 4; lastKnownFileType = sourcecode.c.h; path = HUDUtils.h; sourceTree = "<group>"; };
		53FB50921E9DD795002B305D /* HUDUtils.m */ = {isa = PBXFileReference; fileEncoding = 4; lastKnownFileType = sourcecode.c.objc; path = HUDUtils.m; sourceTree = "<group>"; };
		AB92A249E80C0D5ED4ED72A2 /* libPods-心愿很忙.a */ = {isa = PBXFileReference; explicitFileType = archive.ar; includeInIndex = 0; path = "libPods-心愿很忙.a"; sourceTree = BUILT_PRODUCTS_DIR; };
/* End PBXFileReference section */

/* Begin PBXFrameworksBuildPhase section */
		5373E73D1E9670A900819DCD /* Frameworks */ = {
			isa = PBXFrameworksBuildPhase;
			buildActionMask = 2147483647;
			files = (
				53BC829D1EA5C15D00E95834 /* CoreData.framework in Frameworks */,
				53BC82761EA5C05900E95834 /* Foundation.framework in Frameworks */,
				53BC82741EA5C05300E95834 /* UIKit.framework in Frameworks */,
				53BC82721EA5C04E00E95834 /* CoreGraphics.framework in Frameworks */,
				53BC82701EA5C04400E95834 /* CFNetwork.framework in Frameworks */,
				53BC826E1EA5C03A00E95834 /* CoreTelephony.framework in Frameworks */,
				53BC826C1EA5C03300E95834 /* SystemConfiguration.framework in Frameworks */,
				53BC82861EA5C08900E95834 /* AlibabaAuthExt.framework in Frameworks */,
				53BC82871EA5C08900E95834 /* AlibabaAuthSDK.framework in Frameworks */,
				53BC82881EA5C08900E95834 /* AlibcLinkPartnerSDK.framework in Frameworks */,
				53BC82891EA5C08900E95834 /* AlibcTradeBiz.framework in Frameworks */,
				53BC828A1EA5C08900E95834 /* AlibcTradeCommon.framework in Frameworks */,
				53BC828B1EA5C08900E95834 /* AlibcTradeSDK.framework in Frameworks */,
				53BC828C1EA5C08900E95834 /* AlipaySDK.framework in Frameworks */,
				53BC828D1EA5C08900E95834 /* OpenMtopExt.framework in Frameworks */,
				53BC828E1EA5C08900E95834 /* OpenMtopSDK.framework in Frameworks */,
				53BC828F1EA5C08900E95834 /* SecurityGuardSDK.framework in Frameworks */,
				53BC82901EA5C08900E95834 /* SGMain.framework in Frameworks */,
				53BC82911EA5C08900E95834 /* SGNoCaptcha.framework in Frameworks */,
				53BC82921EA5C08900E95834 /* SGSecurityBody.framework in Frameworks */,
				53BC82931EA5C08900E95834 /* UTDID.framework in Frameworks */,
				53BC82941EA5C08900E95834 /* UTMini.framework in Frameworks */,
				53BC826A1EA5C02900E95834 /* Security.framework in Frameworks */,
				53BC82681EA5C02200E95834 /* CoreLocation.framework in Frameworks */,
				53BC82641EA5C01400E95834 /* ImageIO.framework in Frameworks */,
				53BC82621EA5C00E00E95834 /* AssetsLibrary.framework in Frameworks */,
				53BC82601EA5C00600E95834 /* MobileCoreServices.framework in Frameworks */,
				531AEB401E9B263E0037CA16 /* libc++abi.tbd in Frameworks */,
				531AEB3E1E9B20EA0037CA16 /* libMMDrawerController.a in Frameworks */,
				46A0D83662884D971F9FD9E4 /* libPods-心愿很忙.a in Frameworks */,
			);
			runOnlyForDeploymentPostprocessing = 0;
		};
/* End PBXFrameworksBuildPhase section */

/* Begin PBXGroup section */
		4F53A747EE315370B8FD3D7C /* Frameworks */ = {
			isa = PBXGroup;
			children = (
				53BC82771EA5C08900E95834 /* AlibabaAuthExt.framework */,
				53BC82781EA5C08900E95834 /* AlibabaAuthSDK.framework */,
				53BC82791EA5C08900E95834 /* AlibcLinkPartnerSDK.framework */,
				53BC827A1EA5C08900E95834 /* AlibcTradeBiz.framework */,
				53BC827B1EA5C08900E95834 /* AlibcTradeCommon.framework */,
				53BC827C1EA5C08900E95834 /* AlibcTradeSDK.framework */,
				53BC827D1EA5C08900E95834 /* AlipaySDK.framework */,
				53BC827E1EA5C08900E95834 /* OpenMtopExt.framework */,
				53BC827F1EA5C08900E95834 /* OpenMtopSDK.framework */,
				53BC82801EA5C08900E95834 /* SecurityGuardSDK.framework */,
				53BC82811EA5C08900E95834 /* SGMain.framework */,
				53BC82821EA5C08900E95834 /* SGNoCaptcha.framework */,
				53BC82831EA5C08900E95834 /* SGSecurityBody.framework */,
				53BC82841EA5C08900E95834 /* UTDID.framework */,
				53BC82851EA5C08900E95834 /* UTMini.framework */,
				53BC82751EA5C05900E95834 /* Foundation.framework */,
				53BC82731EA5C05300E95834 /* UIKit.framework */,
				53BC82711EA5C04E00E95834 /* CoreGraphics.framework */,
				53BC826F1EA5C04400E95834 /* CFNetwork.framework */,
				53BC826D1EA5C03A00E95834 /* CoreTelephony.framework */,
				53BC826B1EA5C03300E95834 /* SystemConfiguration.framework */,
				53BC82691EA5C02900E95834 /* Security.framework */,
				53BC82671EA5C02200E95834 /* CoreLocation.framework */,
				53BC82651EA5C01B00E95834 /* CoreData.framework */,
				53BC82631EA5C01400E95834 /* ImageIO.framework */,
				53BC82611EA5C00E00E95834 /* AssetsLibrary.framework */,
				53BC825F1EA5C00600E95834 /* MobileCoreServices.framework */,
				53BC825D1EA5BFFF00E95834 /* CoreMotion.framework */,
				531AEB3F1E9B263E0037CA16 /* libc++abi.tbd */,
				531AEB3D1E9B20EA0037CA16 /* libMMDrawerController.a */,
				AB92A249E80C0D5ED4ED72A2 /* libPods-心愿很忙.a */,
			);
			name = Frameworks;
			sourceTree = "<group>";
		};
		531AEB331E9B20120037CA16 /* WSIFoldCell */ = {
			isa = PBXGroup;
			children = (
				531AEB341E9B20120037CA16 /* CCFoldCell.h */,
				531AEB351E9B20120037CA16 /* CCFoldCell.m */,
				531AEB361E9B20120037CA16 /* CCRotatedView.h */,
				531AEB371E9B20120037CA16 /* CCRotatedView.m */,
				531AEB381E9B20120037CA16 /* UIView+Snapshot.h */,
				531AEB391E9B20120037CA16 /* UIView+Snapshot.m */,
			);
			name = WSIFoldCell;
			path = CCFoldCell;
			sourceTree = "<group>";
		};
		531AEB411E9B29E10037CA16 /* Class */ = {
			isa = PBXGroup;
			children = (
				53900E471EA4A690009FEC41 /* XWScanImage */,
				531AEB421E9B29E10037CA16 /* CodeViewController.h */,
				531AEB431E9B29E10037CA16 /* CodeViewController.m */,
				532887041EA3AF8800672978 /* ListObject.h */,
				532887051EA3AF8800672978 /* ListObject.m */,
				532887071EA3B0DC00672978 /* User.h */,
				532887081EA3B0DC00672978 /* User.m */,
				531AEB441E9B29E10037CA16 /* CustomCardView.h */,
				531AEB451E9B29E10037CA16 /* CustomCardView.m */,
				531AEB461E9B29E10037CA16 /* MainViewController.h */,
				531AEB471E9B29E10037CA16 /* MainViewController.m */,
				531AEB481E9B29E10037CA16 /* XibViewController.h */,
				531AEB491E9B29E10037CA16 /* XibViewController.m */,
				531AEB4A1E9B29E10037CA16 /* XibViewController.xib */,
			);
			path = Class;
			sourceTree = "<group>";
		};
		531AEB4B1E9B29E10037CA16 /* Resources */ = {
			isa = PBXGroup;
			children = (
				531AEB4C1E9B29E10037CA16 /* image_1.jpg */,
				531AEB4D1E9B29E10037CA16 /* image_2.jpg */,
				531AEB4E1E9B29E10037CA16 /* image_3.jpg */,
				531AEB4F1E9B29E10037CA16 /* image_4.jpg */,
				531AEB501E9B29E10037CA16 /* image_5.jpg */,
				531AEB511E9B29E10037CA16 /* image_6.jpg */,
				531AEB521E9B29E10037CA16 /* image_7.jpg */,
				531AEB531E9B29E10037CA16 /* image_8.jpg */,
				531AEB541E9B29E10037CA16 /* image_9.jpg */,
				531AEB551E9B29E10037CA16 /* liked@2x.png */,
				531AEB561E9B29E10037CA16 /* nope@2x.png */,
				531AEB571E9B29E10037CA16 /* userInfo.png */,
			);
			path = Resources;
			sourceTree = "<group>";
		};
		531AEB581E9B29E10037CA16 /* WSIDraggableCard */ = {
			isa = PBXGroup;
			children = (
				531AEB591E9B29E10037CA16 /* CCDraggableCardView.h */,
				531AEB5A1E9B29E10037CA16 /* CCDraggableCardView.m */,
				531AEB5B1E9B29E10037CA16 /* CCDraggableConfig.h */,
				531AEB5C1E9B29E10037CA16 /* CCDraggableContainer.h */,
				531AEB5D1E9B29E10037CA16 /* CCDraggableContainer.m */,
			);
			name = WSIDraggableCard;
			path = CCDraggableCard;
			sourceTree = "<group>";
		};
		5373E7371E9670A900819DCD = {
			isa = PBXGroup;
			children = (
				53BC82CB1EA5F56E00E95834 /* yw_1222.jpg */,
				53BC82C91EA5EBD200E95834 /* NBResource.bundle */,
				531AEABB1E9A0C830037CA16 /* Podfile */,
				5373E7421E9670A900819DCD /* 心愿很忙 */,
				5373E7411E9670A900819DCD /* Products */,
				6D3E656E835DAFB534EB3AD0 /* Pods */,
				4F53A747EE315370B8FD3D7C /* Frameworks */,
			);
			sourceTree = "<group>";
		};
		5373E7411E9670A900819DCD /* Products */ = {
			isa = PBXGroup;
			children = (
				5373E7401E9670A900819DCD /* 心愿很忙.app */,
			);
			name = Products;
			sourceTree = "<group>";
		};
		5373E7421E9670A900819DCD /* 心愿很忙 */ = {
			isa = PBXGroup;
			children = (
				5373E7461E9670A900819DCD /* AppDelegate.h */,
				5373E7471E9670A900819DCD /* AppDelegate.m */,
				531D50D81E98C8A400B17598 /* WSILoginViewController.h */,
				531D50D91E98C8A400B17598 /* WSILoginViewController.m */,
				531D50DA1E98C8A400B17598 /* WSILoginViewController.xib */,
				531AEA461E992AB80037CA16 /* WSIRegisterViewController.h */,
				531AEA471E992AB80037CA16 /* WSIRegisterViewController.m */,
				531AEA481E992AB80037CA16 /* WSIRegisterViewController.xib */,
				53FB50911E9DD795002B305D /* HUDUtils.h */,
				53FB50921E9DD795002B305D /* HUDUtils.m */,
				531AEADE1E9A6A0A0037CA16 /* WSIMeViewController.h */,
				531AEADF1E9A6A0A0037CA16 /* WSIMeViewController.m */,
				531AEAE01E9A6A0A0037CA16 /* WSIMeViewController.xib */,
				531AEAD61E9A69B50037CA16 /* WSIMainTableViewController.h */,
				531AEAD71E9A69B50037CA16 /* WSIMainTableViewController.m */,
				531AEAD81E9A69B50037CA16 /* DemoCell.h */,
				531AEAD91E9A69B50037CA16 /* DemoCell.m */,
				531AEADA1E9A69B50037CA16 /* DemoCell.xib */,
				53BC82551EA5086000E95834 /* WSIRefreshHeader.h */,
				53BC82561EA5086000E95834 /* WSIRefreshHeader.m */,
				53BC82571EA5086000E95834 /* WSIRefreshFooter.h */,
				53BC82581EA5086000E95834 /* WSIRefreshFooter.m */,
				531D50D51E98C0EB00B17598 /* WSIConst.h */,
				531D50D61E98C0EB00B17598 /* WSIConst.m */,
				5373E7521E9670A900819DCD /* Assets.xcassets */,
				5373E7541E9670A900819DCD /* LaunchScreen.storyboard */,
				5373E7571E9670A900819DCD /* Info.plist */,
				5373E74F1E9670A900819DCD /* ____.xcdatamodeld */,
				531AEB411E9B29E10037CA16 /* Class */,
				531AEB4B1E9B29E10037CA16 /* Resources */,
				531AEB581E9B29E10037CA16 /* WSIDraggableCard */,
				531AEB331E9B20120037CA16 /* WSIFoldCell */,
				5373E7431E9670A900819DCD /* Supporting Files */,
			);
			path = "心愿很忙";
			sourceTree = "<group>";
		};
		5373E7431E9670A900819DCD /* Supporting Files */ = {
			isa = PBXGroup;
			children = (
				5373E7971E967C0400819DCD /* Categary */,
				5373E7441E9670A900819DCD /* main.m */,
				5373E79F1E967D8600819DCD /* PrefixHeader.pch */,
			);
			name = "Supporting Files";
			sourceTree = "<group>";
		};
		5373E7971E967C0400819DCD /* Categary */ = {
			isa = PBXGroup;
			children = (
				5373E7891E967C0400819DCD /* UIView+XMGExtension.h */,
				5373E78A1E967C0400819DCD /* UIView+XMGExtension.m */,
				5373E78B1E967C0400819DCD /* UIBarButtonItem+XMGExtension.h */,
				5373E78C1E967C0400819DCD /* UIBarButtonItem+XMGExtension.m */,
				5373E78D1E967C0400819DCD /* UIButton+XMGExtension.h */,
				5373E78E1E967C0400819DCD /* UIButton+XMGExtension.m */,
				5373E78F1E967C0400819DCD /* UITextField+XMGExtension.h */,
				5373E7901E967C0400819DCD /* UITextField+XMGExtension.m */,
				5373E7911E967C0400819DCD /* NSString+XMGExtension.h */,
				5373E7921E967C0400819DCD /* NSString+XMGExtension.m */,
				5373E7931E967C0400819DCD /* NSDate+XMGExtension.h */,
				5373E7941E967C0400819DCD /* NSDate+XMGExtension.m */,
				5373E7951E967C0400819DCD /* NSCalendar+XMGExtension.h */,
				5373E7961E967C0400819DCD /* NSCalendar+XMGExtension.m */,
			);
			name = Categary;
			path = "../../../BSBDJ/百思不得姐2/百思不得姐/classes/Other/Categary";
			sourceTree = "<group>";
		};
		53900E471EA4A690009FEC41 /* XWScanImage */ = {
			isa = PBXGroup;
			children = (
				53900E481EA4A690009FEC41 /* XWScanImage.h */,
				53900E491EA4A690009FEC41 /* XWScanImage.m */,
			);
			path = XWScanImage;
			sourceTree = "<group>";
		};
		6D3E656E835DAFB534EB3AD0 /* Pods */ = {
			isa = PBXGroup;
			children = (
				0F8911154D759A039C16C9A8 /* Pods-心愿很忙.debug.xcconfig */,
				114C6E6543F4132BF072B9FE /* Pods-心愿很忙.release.xcconfig */,
			);
			name = Pods;
			sourceTree = "<group>";
		};
/* End PBXGroup section */

/* Begin PBXNativeTarget section */
		5373E73F1E9670A900819DCD /* 心愿很忙 */ = {
			isa = PBXNativeTarget;
			buildConfigurationList = 5373E75A1E9670A900819DCD /* Build configuration list for PBXNativeTarget "心愿很忙" */;
			buildPhases = (
				ACA19B8DEDA792A466239700 /* [CP] Check Pods Manifest.lock */,
				5373E73C1E9670A900819DCD /* Sources */,
				5373E73D1E9670A900819DCD /* Frameworks */,
				5373E73E1E9670A900819DCD /* Resources */,
				5F8B0B118B3ECB6E6E84729A /* [CP] Embed Pods Frameworks */,
				98EE858BBEF4619B67D2D177 /* [CP] Copy Pods Resources */,
			);
			buildRules = (
			);
			dependencies = (
			);
			name = "心愿很忙";
			productName = "心愿很忙";
			productReference = 5373E7401E9670A900819DCD /* 心愿很忙.app */;
			productType = "com.apple.product-type.application";
		};
/* End PBXNativeTarget section */

/* Begin PBXProject section */
		5373E7381E9670A900819DCD /* Project object */ = {
			isa = PBXProject;
			attributes = {
				LastUpgradeCheck = 0830;
				ORGANIZATIONNAME = Jackeylove;
				TargetAttributes = {
					5373E73F1E9670A900819DCD = {
						CreatedOnToolsVersion = 8.3;
						DevelopmentTeam = QT76YECB7N;
						ProvisioningStyle = Automatic;
					};
				};
			};
			buildConfigurationList = 5373E73B1E9670A900819DCD /* Build configuration list for PBXProject "心愿很忙" */;
			compatibilityVersion = "Xcode 3.2";
			developmentRegion = English;
			hasScannedForEncodings = 0;
			knownRegions = (
				en,
				Base,
			);
			mainGroup = 5373E7371E9670A900819DCD;
			productRefGroup = 5373E7411E9670A900819DCD /* Products */;
			projectDirPath = "";
			projectRoot = "";
			targets = (
				5373E73F1E9670A900819DCD /* 心愿很忙 */,
			);
		};
/* End PBXProject section */

/* Begin PBXResourcesBuildPhase section */
		5373E73E1E9670A900819DCD /* Resources */ = {
			isa = PBXResourcesBuildPhase;
			buildActionMask = 2147483647;
			files = (
				531AEB641E9B29E10037CA16 /* image_2.jpg in Resources */,
				531AEB6A1E9B29E10037CA16 /* image_8.jpg in Resources */,
				531AEB6D1E9B29E10037CA16 /* nope@2x.png in Resources */,
				531AEADD1E9A69B50037CA16 /* DemoCell.xib in Resources */,
				5373E7561E9670A900819DCD /* LaunchScreen.storyboard in Resources */,
				531AEB691E9B29E10037CA16 /* image_7.jpg in Resources */,
				531AEB6C1E9B29E10037CA16 /* liked@2x.png in Resources */,
				531AEB6B1E9B29E10037CA16 /* image_9.jpg in Resources */,
				53BC82CA1EA5EBD200E95834 /* NBResource.bundle in Resources */,
				5373E7531E9670A900819DCD /* Assets.xcassets in Resources */,
				531AEB681E9B29E10037CA16 /* image_6.jpg in Resources */,
				531AEB621E9B29E10037CA16 /* XibViewController.xib in Resources */,
				531AEB631E9B29E10037CA16 /* image_1.jpg in Resources */,
				53BC82CC1EA5F56E00E95834 /* yw_1222.jpg in Resources */,
				531AEA4A1E992AB90037CA16 /* WSIRegisterViewController.xib in Resources */,
				531AEABC1E9A0C830037CA16 /* Podfile in Resources */,
				531AEB6E1E9B29E10037CA16 /* userInfo.png in Resources */,
				531D50DC1E98C8A400B17598 /* WSILoginViewController.xib in Resources */,
				531AEAE21E9A6A0A0037CA16 /* WSIMeViewController.xib in Resources */,
				531AEB671E9B29E10037CA16 /* image_5.jpg in Resources */,
				531AEB661E9B29E10037CA16 /* image_4.jpg in Resources */,
				531AEB651E9B29E10037CA16 /* image_3.jpg in Resources */,
			);
			runOnlyForDeploymentPostprocessing = 0;
		};
/* End PBXResourcesBuildPhase section */

/* Begin PBXShellScriptBuildPhase section */
		5F8B0B118B3ECB6E6E84729A /* [CP] Embed Pods Frameworks */ = {
			isa = PBXShellScriptBuildPhase;
			buildActionMask = 2147483647;
			files = (
			);
			inputPaths = (
			);
			name = "[CP] Embed Pods Frameworks";
			outputPaths = (
			);
			runOnlyForDeploymentPostprocessing = 0;
			shellPath = /bin/sh;
			shellScript = "\"${SRCROOT}/Pods/Target Support Files/Pods-心愿很忙/Pods-心愿很忙-frameworks.sh\"\n";
			showEnvVarsInLog = 0;
		};
		98EE858BBEF4619B67D2D177 /* [CP] Copy Pods Resources */ = {
			isa = PBXShellScriptBuildPhase;
			buildActionMask = 2147483647;
			files = (
			);
			inputPaths = (
			);
			name = "[CP] Copy Pods Resources";
			outputPaths = (
			);
			runOnlyForDeploymentPostprocessing = 0;
			shellPath = /bin/sh;
			shellScript = "\"${SRCROOT}/Pods/Target Support Files/Pods-心愿很忙/Pods-心愿很忙-resources.sh\"\n";
			showEnvVarsInLog = 0;
		};
		ACA19B8DEDA792A466239700 /* [CP] Check Pods Manifest.lock */ = {
			isa = PBXShellScriptBuildPhase;
			buildActionMask = 2147483647;
			files = (
			);
			inputPaths = (
			);
			name = "[CP] Check Pods Manifest.lock";
			outputPaths = (
			);
			runOnlyForDeploymentPostprocessing = 0;
			shellPath = /bin/sh;
			shellScript = "diff \"${PODS_ROOT}/../Podfile.lock\" \"${PODS_ROOT}/Manifest.lock\" > /dev/null\nif [ $? != 0 ] ; then\n    # print error to STDERR\n    echo \"error: The sandbox is not in sync with the Podfile.lock. Run 'pod install' or update your CocoaPods installation.\" >&2\n    exit 1\nfi\n";
			showEnvVarsInLog = 0;
		};
/* End PBXShellScriptBuildPhase section */

/* Begin PBXSourcesBuildPhase section */
		5373E73C1E9670A900819DCD /* Sources */ = {
			isa = PBXSourcesBuildPhase;
			buildActionMask = 2147483647;
			files = (
				5373E79A1E967C0400819DCD /* UIButton+XMGExtension.m in Sources */,
				5373E79C1E967C0400819DCD /* NSString+XMGExtension.m in Sources */,
				531AEB611E9B29E10037CA16 /* XibViewController.m in Sources */,
				53FB50931E9DD795002B305D /* HUDUtils.m in Sources */,
				531AEB701E9B29E10037CA16 /* CCDraggableContainer.m in Sources */,
				5373E79E1E967C0400819DCD /* NSCalendar+XMGExtension.m in Sources */,
				531AEB601E9B29E10037CA16 /* MainViewController.m in Sources */,
				531AEAE11E9A6A0A0037CA16 /* WSIMeViewController.m in Sources */,
				5373E7981E967C0400819DCD /* UIView+XMGExtension.m in Sources */,
				5373E79B1E967C0400819DCD /* UITextField+XMGExtension.m in Sources */,
				532887091EA3B0DC00672978 /* User.m in Sources */,
				5373E7511E9670A900819DCD /* ____.xcdatamodeld in Sources */,
				531D50D71E98C0EB00B17598 /* WSIConst.m in Sources */,
				5373E7991E967C0400819DCD /* UIBarButtonItem+XMGExtension.m in Sources */,
				531AEB5E1E9B29E10037CA16 /* CodeViewController.m in Sources */,
				531AEB5F1E9B29E10037CA16 /* CustomCardView.m in Sources */,
				531D50DB1E98C8A400B17598 /* WSILoginViewController.m in Sources */,
				531AEB3C1E9B20120037CA16 /* UIView+Snapshot.m in Sources */,
				532887061EA3AF8800672978 /* ListObject.m in Sources */,
				531AEB3A1E9B20120037CA16 /* CCFoldCell.m in Sources */,
				5373E7481E9670A900819DCD /* AppDelegate.m in Sources */,
				531AEB3B1E9B20120037CA16 /* CCRotatedView.m in Sources */,
				531AEB6F1E9B29E10037CA16 /* CCDraggableCardView.m in Sources */,
				53BC82591EA5086000E95834 /* WSIRefreshHeader.m in Sources */,
				531AEADC1E9A69B50037CA16 /* DemoCell.m in Sources */,
				531AEA491E992AB90037CA16 /* WSIRegisterViewController.m in Sources */,
				531AEADB1E9A69B50037CA16 /* WSIMainTableViewController.m in Sources */,
				53BC825A1EA5086000E95834 /* WSIRefreshFooter.m in Sources */,
				5373E79D1E967C0400819DCD /* NSDate+XMGExtension.m in Sources */,
				5373E7451E9670A900819DCD /* main.m in Sources */,
				53900E4A1EA4A690009FEC41 /* XWScanImage.m in Sources */,
			);
			runOnlyForDeploymentPostprocessing = 0;
		};
/* End PBXSourcesBuildPhase section */

/* Begin PBXVariantGroup section */
		5373E7541E9670A900819DCD /* LaunchScreen.storyboard */ = {
			isa = PBXVariantGroup;
			children = (
				5373E7551E9670A900819DCD /* Base */,
			);
			name = LaunchScreen.storyboard;
			sourceTree = "<group>";
		};
/* End PBXVariantGroup section */

/* Begin XCBuildConfiguration section */
		5373E7581E9670A900819DCD /* Debug */ = {
			isa = XCBuildConfiguration;
			buildSettings = {
				ALWAYS_SEARCH_USER_PATHS = NO;
				CLANG_ANALYZER_NONNULL = YES;
				CLANG_ANALYZER_NUMBER_OBJECT_CONVERSION = YES_AGGRESSIVE;
				CLANG_CXX_LANGUAGE_STANDARD = "gnu++0x";
				CLANG_CXX_LIBRARY = "libc++";
				CLANG_ENABLE_MODULES = YES;
				CLANG_ENABLE_OBJC_ARC = YES;
				CLANG_WARN_BOOL_CONVERSION = YES;
				CLANG_WARN_CONSTANT_CONVERSION = YES;
				CLANG_WARN_DIRECT_OBJC_ISA_USAGE = YES_ERROR;
				CLANG_WARN_DOCUMENTATION_COMMENTS = YES;
				CLANG_WARN_EMPTY_BODY = YES;
				CLANG_WARN_ENUM_CONVERSION = YES;
				CLANG_WARN_INFINITE_RECURSION = YES;
				CLANG_WARN_INT_CONVERSION = YES;
				CLANG_WARN_OBJC_ROOT_CLASS = YES_ERROR;
				CLANG_WARN_SUSPICIOUS_MOVE = YES;
				CLANG_WARN_UNREACHABLE_CODE = YES;
				CLANG_WARN__DUPLICATE_METHOD_MATCH = YES;
				"CODE_SIGN_IDENTITY[sdk=iphoneos*]" = "iPhone Developer";
				COPY_PHASE_STRIP = NO;
				DEBUG_INFORMATION_FORMAT = dwarf;
				ENABLE_STRICT_OBJC_MSGSEND = YES;
				ENABLE_TESTABILITY = YES;
				GCC_C_LANGUAGE_STANDARD = gnu99;
				GCC_DYNAMIC_NO_PIC = NO;
				GCC_NO_COMMON_BLOCKS = YES;
				GCC_OPTIMIZATION_LEVEL = 0;
				GCC_PREPROCESSOR_DEFINITIONS = (
					"DEBUG=1",
					"$(inherited)",
				);
				GCC_WARN_64_TO_32_BIT_CONVERSION = YES;
				GCC_WARN_ABOUT_RETURN_TYPE = YES_ERROR;
				GCC_WARN_UNDECLARED_SELECTOR = YES;
				GCC_WARN_UNINITIALIZED_AUTOS = YES_AGGRESSIVE;
				GCC_WARN_UNUSED_FUNCTION = YES;
				GCC_WARN_UNUSED_VARIABLE = YES;
				IPHONEOS_DEPLOYMENT_TARGET = 10.3;
				MTL_ENABLE_DEBUG_INFO = YES;
				ONLY_ACTIVE_ARCH = YES;
				SDKROOT = iphoneos;
			};
			name = Debug;
		};
		5373E7591E9670A900819DCD /* Release */ = {
			isa = XCBuildConfiguration;
			buildSettings = {
				ALWAYS_SEARCH_USER_PATHS = NO;
				CLANG_ANALYZER_NONNULL = YES;
				CLANG_ANALYZER_NUMBER_OBJECT_CONVERSION = YES_AGGRESSIVE;
				CLANG_CXX_LANGUAGE_STANDARD = "gnu++0x";
				CLANG_CXX_LIBRARY = "libc++";
				CLANG_ENABLE_MODULES = YES;
				CLANG_ENABLE_OBJC_ARC = YES;
				CLANG_WARN_BOOL_CONVERSION = YES;
				CLANG_WARN_CONSTANT_CONVERSION = YES;
				CLANG_WARN_DIRECT_OBJC_ISA_USAGE = YES_ERROR;
				CLANG_WARN_DOCUMENTATION_COMMENTS = YES;
				CLANG_WARN_EMPTY_BODY = YES;
				CLANG_WARN_ENUM_CONVERSION = YES;
				CLANG_WARN_INFINITE_RECURSION = YES;
				CLANG_WARN_INT_CONVERSION = YES;
				CLANG_WARN_OBJC_ROOT_CLASS = YES_ERROR;
				CLANG_WARN_SUSPICIOUS_MOVE = YES;
				CLANG_WARN_UNREACHABLE_CODE = YES;
				CLANG_WARN__DUPLICATE_METHOD_MATCH = YES;
				"CODE_SIGN_IDENTITY[sdk=iphoneos*]" = "iPhone Developer";
				COPY_PHASE_STRIP = NO;
				DEBUG_INFORMATION_FORMAT = "dwarf-with-dsym";
				ENABLE_NS_ASSERTIONS = NO;
				ENABLE_STRICT_OBJC_MSGSEND = YES;
				GCC_C_LANGUAGE_STANDARD = gnu99;
				GCC_NO_COMMON_BLOCKS = YES;
				GCC_WARN_64_TO_32_BIT_CONVERSION = YES;
				GCC_WARN_ABOUT_RETURN_TYPE = YES_ERROR;
				GCC_WARN_UNDECLARED_SELECTOR = YES;
				GCC_WARN_UNINITIALIZED_AUTOS = YES_AGGRESSIVE;
				GCC_WARN_UNUSED_FUNCTION = YES;
				GCC_WARN_UNUSED_VARIABLE = YES;
				IPHONEOS_DEPLOYMENT_TARGET = 10.3;
				MTL_ENABLE_DEBUG_INFO = NO;
				SDKROOT = iphoneos;
				VALIDATE_PRODUCT = YES;
			};
			name = Release;
		};
		5373E75B1E9670A900819DCD /* Debug */ = {
			isa = XCBuildConfiguration;
			baseConfigurationReference = 0F8911154D759A039C16C9A8 /* Pods-心愿很忙.debug.xcconfig */;
			buildSettings = {
				ASSETCATALOG_COMPILER_APPICON_NAME = AppIcon;
				DEVELOPMENT_TEAM = QT76YECB7N;
				FRAMEWORK_SEARCH_PATHS = (
					"$(inherited)",
					"$(PROJECT_DIR)/心愿很忙/AlibcTradeSDK-3.1.1.96+AlibcTradeBiz-3.1.1.96+AlibcTradeCommon-3.1.1.93+AlibcLinkPartnerSDK-1.1.0.9-FullPackage/Frameworks",
				);
				GCC_PREFIX_HEADER = "/Users/jackeylove/Movies/心愿很忙(Beta)/心愿很忙/心愿很忙/PrefixHeader.pch";
				INFOPLIST_FILE = "心愿很忙/Info.plist";
				IPHONEOS_DEPLOYMENT_TARGET = 10.3;
				LD_RUNPATH_SEARCH_PATHS = "$(inherited) @executable_path/Frameworks";
				OTHER_LDFLAGS = (
					"-all_load",
					"-lstdc++",
					"$(inherited)",
					"-ObjC",
				);
				PRODUCT_BUNDLE_IDENTIFIER = "com.Jackeylove.----";
				PRODUCT_NAME = "$(TARGET_NAME)";
			};
			name = Debug;
		};
		5373E75C1E9670A900819DCD /* Release */ = {
			isa = XCBuildConfiguration;
			baseConfigurationReference = 114C6E6543F4132BF072B9FE /* Pods-心愿很忙.release.xcconfig */;
			buildSettings = {
				ASSETCATALOG_COMPILER_APPICON_NAME = AppIcon;
				DEVELOPMENT_TEAM = QT76YECB7N;
				FRAMEWORK_SEARCH_PATHS = (
					"$(inherited)",
					"$(PROJECT_DIR)/心愿很忙/AlibcTradeSDK-3.1.1.96+AlibcTradeBiz-3.1.1.96+AlibcTradeCommon-3.1.1.93+AlibcLinkPartnerSDK-1.1.0.9-FullPackage/Frameworks",
				);
				GCC_PREFIX_HEADER = "/Users/jackeylove/Movies/心愿很忙(Beta)/心愿很忙/心愿很忙/PrefixHeader.pch";
				INFOPLIST_FILE = "心愿很忙/Info.plist";
				IPHONEOS_DEPLOYMENT_TARGET = 10.3;
				LD_RUNPATH_SEARCH_PATHS = "$(inherited) @executable_path/Frameworks";
				OTHER_LDFLAGS = (
					"-all_load",
					"-lstdc++",
					"$(inherited)",
					"-ObjC",
				);
				PRODUCT_BUNDLE_IDENTIFIER = "com.Jackeylove.----";
				PRODUCT_NAME = "$(TARGET_NAME)";
			};
			name = Release;
		};
/* End XCBuildConfiguration section */

/* Begin XCConfigurationList section */
		5373E73B1E9670A900819DCD /* Build configuration list for PBXProject "心愿很忙" */ = {
			isa = XCConfigurationList;
			buildConfigurations = (
				5373E7581E9670A900819DCD /* Debug */,
				5373E7591E9670A900819DCD /* Release */,
			);
			defaultConfigurationIsVisible = 0;
			defaultConfigurationName = Release;
		};
		5373E75A1E9670A900819DCD /* Build configuration list for PBXNativeTarget "心愿很忙" */ = {
			isa = XCConfigurationList;
			buildConfigurations = (
				5373E75B1E9670A900819DCD /* Debug */,
				5373E75C1E9670A900819DCD /* Release */,
			);
			defaultConfigurationIsVisible = 0;
			defaultConfigurationName = Release;
		};
/* End XCConfigurationList section */

/* Begin XCVersionGroup section */
		5373E74F1E9670A900819DCD /* ____.xcdatamodeld */ = {
			isa = XCVersionGroup;
			children = (
				5373E7501E9670A900819DCD /* ____.xcdatamodel */,
			);
			currentVersion = 5373E7501E9670A900819DCD /* ____.xcdatamodel */;
			path = "____.xcdatamodeld";
			sourceTree = "<group>";
			versionGroupType = wrapper.xcdatamodel;
		};
/* End XCVersionGroup section */
	};
	rootObject = 5373E7381E9670A900819DCD /* Project object */;
}
